
Microsoft Visual Studio Solution File, Format Version 12.00
# Visual Studio 2013
VisualStudioVersion = 12.0.21005.1
MinimumVisualStudioVersion = 10.0.40219.1
Project("{FAE04EC0-301F-11D3-BF4B-00C04F79EFBC}") = "Venix.ODE.Views", "Venix.ODE.app\Venix.ODE.Views.csproj", "{2E0D9BC4-C00C-4949-AC1E-3A099EB17516}"
EndProject
Project("{FAE04EC0-301F-11D3-BF4B-00C04F79EFBC}") = "Venix.ODE.Model", "Venix.ODE.Model\Venix.ODE.Model.csproj", "{08BD9ABB-F7C9-4854-BA57-8BE33747A341}"
EndProject
Global
	GlobalSection(SolutionConfigurationPlatforms) = preSolution
		Debug|Any CPU = Debug|Any CPU
		Release|Any CPU = Release|Any CPU
	EndGlobalSection
	GlobalSection(ProjectConfigurationPlatforms) = postSolution
		{2E0D9BC4-C00C-4949-AC1E-3A099EB17516}.Debug|Any CPU.ActiveCfg = Debug|Any CPU
		{2E0D9BC4-C00C-4949-AC1E-3A099EB17516}.Debug|Any CPU.Build.0 = Debug|Any CPU
		{2E0D9BC4-C00C-4949-AC1E-3A099EB17516}.Release|Any CPU.ActiveCfg = Release|Any CPU
		{2E0D9BC4-C00C-4949-AC1E-3A099EB17516}.Release|Any CPU.Build.0 = Release|Any CPU
		{08BD9ABB-F7C9-4854-BA57-8BE33747A341}.Debug|Any CPU.ActiveCfg = Debug|Any CPU
		{08BD9ABB-F7C9-4854-BA57-8BE33747A341}.Debug|Any CPU.Build.0 = Debug|Any CPU
		{08BD9ABB-F7C9-4854-BA57-8BE33747A341}.Release|Any CPU.ActiveCfg = Release|Any CPU
		{08BD9ABB-F7C9-4854-BA57-8BE33747A341}.Release|Any CPU.Build.0 = Release|Any CPU
	EndGlobalSection
	GlobalSection(SolutionProperties) = preSolution
		HideSolutionNode = FALSE
	EndGlobalSection
EndGlobal
